
Microsoft Visual Studio Solution File, Format Version 12.00
# Visual Studio Version 16
VisualStudioVersion = 16.0.29709.97
MinimumVisualStudioVersion = 10.0.40219.1
Project("{8BC9CEB8-8B4A-11D0-8D11-00A0C91BC942}") = "quicdoq", "quicdoq\quicdoq.vcxproj", "{8240BFA1-0213-404F-900A-BCB4195876EB}"
EndProject
Project("{8BC9CEB8-8B4A-11D0-8D11-00A0C91BC942}") = "quicdoq_test", "quicdoq_test\quicdoq_test.vcxproj", "{D3B1D9E7-A473-471A-B613-F803EA9284FA}"
EndProject
Project("{8BC9CEB8-8B4A-11D0-8D11-00A0C91BC942}") = "quicdoq_unittest", "quicdoq_unittest\quicdoq_unittest.vcxproj", "{6B62DECB-BAE7-410A-9118-2F0CE3C589A1}"
	ProjectSection(ProjectDependencies) = postProject
		{8240BFA1-0213-404F-900A-BCB4195876EB} = {8240BFA1-0213-404F-900A-BCB4195876EB}
		{D3B1D9E7-A473-471A-B613-F803EA9284FA} = {D3B1D9E7-A473-471A-B613-F803EA9284FA}
	EndProjectSection
EndProject
Global
	GlobalSection(SolutionConfigurationPlatforms) = preSolution
		Debug|x64 = Debug|x64
		Debug|x86 = Debug|x86
		Release|x64 = Release|x64
		Release|x86 = Release|x86
	EndGlobalSection
	GlobalSection(ProjectConfigurationPlatforms) = postSolution
		{8240BFA1-0213-404F-900A-BCB4195876EB}.Debug|x64.ActiveCfg = Debug|x64
		{8240BFA1-0213-404F-900A-BCB4195876EB}.Debug|x64.Build.0 = Debug|x64
		{8240BFA1-0213-404F-900A-BCB4195876EB}.Debug|x86.ActiveCfg = Debug|Win32
		{8240BFA1-0213-404F-900A-BCB4195876EB}.Debug|x86.Build.0 = Debug|Win32
		{8240BFA1-0213-404F-900A-BCB4195876EB}.Release|x64.ActiveCfg = Release|x64
		{8240BFA1-0213-404F-900A-BCB4195876EB}.Release|x64.Build.0 = Release|x64
		{8240BFA1-0213-404F-900A-BCB4195876EB}.Release|x86.ActiveCfg = Release|Win32
		{8240BFA1-0213-404F-900A-BCB4195876EB}.Release|x86.Build.0 = Release|Win32
		{D3B1D9E7-A473-471A-B613-F803EA9284FA}.Debug|x64.ActiveCfg = Debug|x64
		{D3B1D9E7-A473-471A-B613-F803EA9284FA}.Debug|x64.Build.0 = Debug|x64
		{D3B1D9E7-A473-471A-B613-F803EA9284FA}.Debug|x86.ActiveCfg = Debug|Win32
		{D3B1D9E7-A473-471A-B613-F803EA9284FA}.Debug|x86.Build.0 = Debug|Win32
		{D3B1D9E7-A473-471A-B613-F803EA9284FA}.Release|x64.ActiveCfg = Release|x64
		{D3B1D9E7-A473-471A-B613-F803EA9284FA}.Release|x64.Build.0 = Release|x64
		{D3B1D9E7-A473-471A-B613-F803EA9284FA}.Release|x86.ActiveCfg = Release|Win32
		{D3B1D9E7-A473-471A-B613-F803EA9284FA}.Release|x86.Build.0 = Release|Win32
		{6B62DECB-BAE7-410A-9118-2F0CE3C589A1}.Debug|x64.ActiveCfg = Debug|x64
		{6B62DECB-BAE7-410A-9118-2F0CE3C589A1}.Debug|x64.Build.0 = Debug|x64
		{6B62DECB-BAE7-410A-9118-2F0CE3C589A1}.Debug|x86.ActiveCfg = Debug|Win32
		{6B62DECB-BAE7-410A-9118-2F0CE3C589A1}.Debug|x86.Build.0 = Debug|Win32
		{6B62DECB-BAE7-410A-9118-2F0CE3C589A1}.Release|x64.ActiveCfg = Release|x64
		{6B62DECB-BAE7-410A-9118-2F0CE3C589A1}.Release|x64.Build.0 = Release|x64
		{6B62DECB-BAE7-410A-9118-2F0CE3C589A1}.Release|x86.ActiveCfg = Release|Win32
		{6B62DECB-BAE7-410A-9118-2F0CE3C589A1}.Release|x86.Build.0 = Release|Win32
	EndGlobalSection
	GlobalSection(SolutionProperties) = preSolution
		HideSolutionNode = FALSE
	EndGlobalSection
	GlobalSection(ExtensibilityGlobals) = postSolution
		SolutionGuid = {EF19120E-C425-4839-B5E5-D5203CBA9ABE}
	EndGlobalSection
EndGlobal
